
Microsoft Visual Studio Solution File, Format Version 12.00
# Visual Studio Version 17
VisualStudioVersion = 17.0.31903.59
MinimumVisualStudioVersion = 10.0.40219.1
Project("{FAE04EC0-301F-11D3-BF4B-00C04F79EFBC}") = "Protos", "Protos\Protos.csproj", "{7E18A4C6-E77C-47A3-98B6-4D6A0556DE8D}"
EndProject
Project("{FAE04EC0-301F-11D3-BF4B-00C04F79EFBC}") = "Server", "Server\Server.csproj", "{AA054617-196B-415D-A57F-299C36A41ADA}"
EndProject
Project("{FAE04EC0-301F-11D3-BF4B-00C04F79EFBC}") = "Client", "Client\Client.csproj", "{9C3656E5-E372-4F67-BDA3-8CD90B1E15BA}"
EndProject
Project("{FAE04EC0-301F-11D3-BF4B-00C04F79EFBC}") = "ClientGUI", "ClientGUI\ClientGUI.csproj", "{5E3F35A0-9109-4088-B95C-AFD6AD1B292D}"
EndProject
Global
	GlobalSection(SolutionConfigurationPlatforms) = preSolution
		Debug|Any CPU = Debug|Any CPU
		Debug|x64 = Debug|x64
		Debug|x86 = Debug|x86
		Release|Any CPU = Release|Any CPU
		Release|x64 = Release|x64
		Release|x86 = Release|x86
	EndGlobalSection
	GlobalSection(ProjectConfigurationPlatforms) = postSolution
		{7E18A4C6-E77C-47A3-98B6-4D6A0556DE8D}.Debug|Any CPU.ActiveCfg = Debug|Any CPU
		{7E18A4C6-E77C-47A3-98B6-4D6A0556DE8D}.Debug|Any CPU.Build.0 = Debug|Any CPU
		{7E18A4C6-E77C-47A3-98B6-4D6A0556DE8D}.Debug|x64.ActiveCfg = Debug|Any CPU
		{7E18A4C6-E77C-47A3-98B6-4D6A0556DE8D}.Debug|x64.Build.0 = Debug|Any CPU
		{7E18A4C6-E77C-47A3-98B6-4D6A0556DE8D}.Debug|x86.ActiveCfg = Debug|Any CPU
		{7E18A4C6-E77C-47A3-98B6-4D6A0556DE8D}.Debug|x86.Build.0 = Debug|Any CPU
		{7E18A4C6-E77C-47A3-98B6-4D6A0556DE8D}.Release|Any CPU.ActiveCfg = Release|Any CPU
		{7E18A4C6-E77C-47A3-98B6-4D6A0556DE8D}.Release|Any CPU.Build.0 = Release|Any CPU
		{7E18A4C6-E77C-47A3-98B6-4D6A0556DE8D}.Release|x64.ActiveCfg = Release|Any CPU
		{7E18A4C6-E77C-47A3-98B6-4D6A0556DE8D}.Release|x64.Build.0 = Release|Any CPU
		{7E18A4C6-E77C-47A3-98B6-4D6A0556DE8D}.Release|x86.ActiveCfg = Release|Any CPU
		{7E18A4C6-E77C-47A3-98B6-4D6A0556DE8D}.Release|x86.Build.0 = Release|Any CPU
		{AA054617-196B-415D-A57F-299C36A41ADA}.Debug|Any CPU.ActiveCfg = Debug|Any CPU
		{AA054617-196B-415D-A57F-299C36A41ADA}.Debug|Any CPU.Build.0 = Debug|Any CPU
		{AA054617-196B-415D-A57F-299C36A41ADA}.Debug|x64.ActiveCfg = Debug|Any CPU
		{AA054617-196B-415D-A57F-299C36A41ADA}.Debug|x64.Build.0 = Debug|Any CPU
		{AA054617-196B-415D-A57F-299C36A41ADA}.Debug|x86.ActiveCfg = Debug|Any CPU
		{AA054617-196B-415D-A57F-299C36A41ADA}.Debug|x86.Build.0 = Debug|Any CPU
		{AA054617-196B-415D-A57F-299C36A41ADA}.Release|Any CPU.ActiveCfg = Release|Any CPU
		{AA054617-196B-415D-A57F-299C36A41ADA}.Release|Any CPU.Build.0 = Release|Any CPU
		{AA054617-196B-415D-A57F-299C36A41ADA}.Release|x64.ActiveCfg = Release|Any CPU
		{AA054617-196B-415D-A57F-299C36A41ADA}.Release|x64.Build.0 = Release|Any CPU
		{AA054617-196B-415D-A57F-299C36A41ADA}.Release|x86.ActiveCfg = Release|Any CPU
		{AA054617-196B-415D-A57F-299C36A41ADA}.Release|x86.Build.0 = Release|Any CPU
		{9C3656E5-E372-4F67-BDA3-8CD90B1E15BA}.Debug|Any CPU.ActiveCfg = Debug|Any CPU
		{9C3656E5-E372-4F67-BDA3-8CD90B1E15BA}.Debug|Any CPU.Build.0 = Debug|Any CPU
		{9C3656E5-E372-4F67-BDA3-8CD90B1E15BA}.Debug|x64.ActiveCfg = Debug|Any CPU
		{9C3656E5-E372-4F67-BDA3-8CD90B1E15BA}.Debug|x64.Build.0 = Debug|Any CPU
		{9C3656E5-E372-4F67-BDA3-8CD90B1E15BA}.Debug|x86.ActiveCfg = Debug|Any CPU
		{9C3656E5-E372-4F67-BDA3-8CD90B1E15BA}.Debug|x86.Build.0 = Debug|Any CPU
		{9C3656E5-E372-4F67-BDA3-8CD90B1E15BA}.Release|Any CPU.ActiveCfg = Release|Any CPU
		{9C3656E5-E372-4F67-BDA3-8CD90B1E15BA}.Release|Any CPU.Build.0 = Release|Any CPU
		{9C3656E5-E372-4F67-BDA3-8CD90B1E15BA}.Release|x64.ActiveCfg = Release|Any CPU
		{9C3656E5-E372-4F67-BDA3-8CD90B1E15BA}.Release|x64.Build.0 = Release|Any CPU
		{9C3656E5-E372-4F67-BDA3-8CD90B1E15BA}.Release|x86.ActiveCfg = Release|Any CPU
		{9C3656E5-E372-4F67-BDA3-8CD90B1E15BA}.Release|x86.Build.0 = Release|Any CPU
		{5E3F35A0-9109-4088-B95C-AFD6AD1B292D}.Debug|Any CPU.ActiveCfg = Debug|Any CPU
		{5E3F35A0-9109-4088-B95C-AFD6AD1B292D}.Debug|Any CPU.Build.0 = Debug|Any CPU
		{5E3F35A0-9109-4088-B95C-AFD6AD1B292D}.Debug|x64.ActiveCfg = Debug|Any CPU
		{5E3F35A0-9109-4088-B95C-AFD6AD1B292D}.Debug|x64.Build.0 = Debug|Any CPU
		{5E3F35A0-9109-4088-B95C-AFD6AD1B292D}.Debug|x86.ActiveCfg = Debug|Any CPU
		{5E3F35A0-9109-4088-B95C-AFD6AD1B292D}.Debug|x86.Build.0 = Debug|Any CPU
		{5E3F35A0-9109-4088-B95C-AFD6AD1B292D}.Release|Any CPU.ActiveCfg = Release|Any CPU
		{5E3F35A0-9109-4088-B95C-AFD6AD1B292D}.Release|Any CPU.Build.0 = Release|Any CPU
		{5E3F35A0-9109-4088-B95C-AFD6AD1B292D}.Release|x64.ActiveCfg = Release|Any CPU
		{5E3F35A0-9109-4088-B95C-AFD6AD1B292D}.Release|x64.Build.0 = Release|Any CPU
		{5E3F35A0-9109-4088-B95C-AFD6AD1B292D}.Release|x86.ActiveCfg = Release|Any CPU
		{5E3F35A0-9109-4088-B95C-AFD6AD1B292D}.Release|x86.Build.0 = Release|Any CPU
	EndGlobalSection
	GlobalSection(SolutionProperties) = preSolution
		HideSolutionNode = FALSE
	EndGlobalSection
EndGlobal
